
Microsoft Visual Studio Solution File, Format Version 12.00
# Visual Studio Version 17
VisualStudioVersion = 17.0.31903.59
MinimumVisualStudioVersion = 10.0.40219.1
Project("{2150E333-8FDC-42A3-9474-1A3956D46DE8}") = "src", "src", "{827E0CD3-B72D-47B6-A68D-7590B98EB39B}"
EndProject
Project("{FAE04EC0-301F-11D3-BF4B-00C04F79EFBC}") = "SteamPipeManager.Core", "src\SteamPipeManager.Core\SteamPipeManager.Core.csproj", "{66263A6C-9F3A-482A-BDBC-997483AE487E}"
EndProject
Project("{FAE04EC0-301F-11D3-BF4B-00C04F79EFBC}") = "SteamPipeManager.App", "src\SteamPipeManager.App\SteamPipeManager.App.csproj", "{B1F05E49-C505-4638-9AFD-2E46B64E4FDF}"
EndProject
Project("{FAE04EC0-301F-11D3-BF4B-00C04F79EFBC}") = "SteamPipeManager.Core.Tests", "tests\SteamPipeManager.Core.Tests\SteamPipeManager.Core.Tests.csproj", "{78E4161A-B43C-48BB-90D4-137FE1F2BA51}"
EndProject
Project("{FAE04EC0-301F-11D3-BF4B-00C04F79EFBC}") = "SteamCmdProbe", "tools\SteamCmdProbe\SteamCmdProbe.csproj", "{436A2089-CFA3-40C8-A43D-49772E5CFFEA}"
EndProject
Project("{2150E333-8FDC-42A3-9474-1A3956D46DE8}") = "tests", "tests", "{0AB3BF05-4346-4AA6-1389-037BE0695223}"
EndProject
Project("{FAE04EC0-301F-11D3-BF4B-00C04F79EFBC}") = "FakeSteamCmd", "tests\FakeSteamCmd\FakeSteamCmd.csproj", "{FAE97029-F0E4-4FAA-B433-AE8078ABC084}"
EndProject
Project("{2150E333-8FDC-42A3-9474-1A3956D46DE8}") = "tools", "tools", "{07C2787E-EAC7-C090-1BA3-A61EC2A24D84}"
EndProject
Project("{FAE04EC0-301F-11D3-BF4B-00C04F79EFBC}") = "BptProbe", "tools\BptProbe\BptProbe.csproj", "{C72235BC-2861-4352-A868-E9EBC941879F}"
EndProject
Project("{FAE04EC0-301F-11D3-BF4B-00C04F79EFBC}") = "SteamPipeManager.Presentation", "src\SteamPipeManager.Presentation\SteamPipeManager.Presentation.csproj", "{60CB2BB1-EAB6-49A8-AD51-327B74CA13AA}"
EndProject
Project("{FAE04EC0-301F-11D3-BF4B-00C04F79EFBC}") = "SteamPipeManager.Desktop", "src\SteamPipeManager.Desktop\SteamPipeManager.Desktop.csproj", "{E47F2727-D57A-4AFB-9689-4DD53426142B}"
EndProject
Global
	GlobalSection(SolutionConfigurationPlatforms) = preSolution
		Debug|Any CPU = Debug|Any CPU
		Debug|x64 = Debug|x64
		Debug|x86 = Debug|x86
		Release|Any CPU = Release|Any CPU
		Release|x64 = Release|x64
		Release|x86 = Release|x86
	EndGlobalSection
	GlobalSection(ProjectConfigurationPlatforms) = postSolution
		{66263A6C-9F3A-482A-BDBC-997483AE487E}.Debug|Any CPU.ActiveCfg = Debug|Any CPU
		{66263A6C-9F3A-482A-BDBC-997483AE487E}.Debug|Any CPU.Build.0 = Debug|Any CPU
		{66263A6C-9F3A-482A-BDBC-997483AE487E}.Debug|x64.ActiveCfg = Debug|Any CPU
		{66263A6C-9F3A-482A-BDBC-997483AE487E}.Debug|x64.Build.0 = Debug|Any CPU
		{66263A6C-9F3A-482A-BDBC-997483AE487E}.Debug|x86.ActiveCfg = Debug|Any CPU
		{66263A6C-9F3A-482A-BDBC-997483AE487E}.Debug|x86.Build.0 = Debug|Any CPU
		{66263A6C-9F3A-482A-BDBC-997483AE487E}.Release|Any CPU.ActiveCfg = Release|Any CPU
		{66263A6C-9F3A-482A-BDBC-997483AE487E}.Release|Any CPU.Build.0 = Release|Any CPU
		{66263A6C-9F3A-482A-BDBC-997483AE487E}.Release|x64.ActiveCfg = Release|Any CPU
		{66263A6C-9F3A-482A-BDBC-997483AE487E}.Release|x64.Build.0 = Release|Any CPU
		{66263A6C-9F3A-482A-BDBC-997483AE487E}.Release|x86.ActiveCfg = Release|Any CPU
		{66263A6C-9F3A-482A-BDBC-997483AE487E}.Release|x86.Build.0 = Release|Any CPU
		{B1F05E49-C505-4638-9AFD-2E46B64E4FDF}.Debug|Any CPU.ActiveCfg = Debug|Any CPU
		{B1F05E49-C505-4638-9AFD-2E46B64E4FDF}.Debug|Any CPU.Build.0 = Debug|Any CPU
		{B1F05E49-C505-4638-9AFD-2E46B64E4FDF}.Debug|x64.ActiveCfg = Debug|Any CPU
		{B1F05E49-C505-4638-9AFD-2E46B64E4FDF}.Debug|x64.Build.0 = Debug|Any CPU
		{B1F05E49-C505-4638-9AFD-2E46B64E4FDF}.Debug|x86.ActiveCfg = Debug|Any CPU
		{B1F05E49-C505-4638-9AFD-2E46B64E4FDF}.Debug|x86.Build.0 = Debug|Any CPU
		{B1F05E49-C505-4638-9AFD-2E46B64E4FDF}.Release|Any CPU.ActiveCfg = Release|Any CPU
		{B1F05E49-C505-4638-9AFD-2E46B64E4FDF}.Release|Any CPU.Build.0 = Release|Any CPU
		{B1F05E49-C505-4638-9AFD-2E46B64E4FDF}.Release|x64.ActiveCfg = Release|Any CPU
		{B1F05E49-C505-4638-9AFD-2E46B64E4FDF}.Release|x64.Build.0 = Release|Any CPU
		{B1F05E49-C505-4638-9AFD-2E46B64E4FDF}.Release|x86.ActiveCfg = Release|Any CPU
		{B1F05E49-C505-4638-9AFD-2E46B64E4FDF}.Release|x86.Build.0 = Release|Any CPU
		{78E4161A-B43C-48BB-90D4-137FE1F2BA51}.Debug|Any CPU.ActiveCfg = Debug|Any CPU
		{78E4161A-B43C-48BB-90D4-137FE1F2BA51}.Debug|Any CPU.Build.0 = Debug|Any CPU
		{78E4161A-B43C-48BB-90D4-137FE1F2BA51}.Debug|x64.ActiveCfg = Debug|Any CPU
		{78E4161A-B43C-48BB-90D4-137FE1F2BA51}.Debug|x64.Build.0 = Debug|Any CPU
		{78E4161A-B43C-48BB-90D4-137FE1F2BA51}.Debug|x86.ActiveCfg = Debug|Any CPU
		{78E4161A-B43C-48BB-90D4-137FE1F2BA51}.Debug|x86.Build.0 = Debug|Any CPU
		{78E4161A-B43C-48BB-90D4-137FE1F2BA51}.Release|Any CPU.ActiveCfg = Release|Any CPU
		{78E4161A-B43C-48BB-90D4-137FE1F2BA51}.Release|Any CPU.Build.0 = Release|Any CPU
		{78E4161A-B43C-48BB-90D4-137FE1F2BA51}.Release|x64.ActiveCfg = Release|Any CPU
		{78E4161A-B43C-48BB-90D4-137FE1F2BA51}.Release|x64.Build.0 = Release|Any CPU
		{78E4161A-B43C-48BB-90D4-137FE1F2BA51}.Release|x86.ActiveCfg = Release|Any CPU
		{78E4161A-B43C-48BB-90D4-137FE1F2BA51}.Release|x86.Build.0 = Release|Any CPU
		{436A2089-CFA3-40C8-A43D-49772E5CFFEA}.Debug|Any CPU.ActiveCfg = Debug|Any CPU
		{436A2089-CFA3-40C8-A43D-49772E5CFFEA}.Debug|Any CPU.Build.0 = Debug|Any CPU
		{436A2089-CFA3-40C8-A43D-49772E5CFFEA}.Debug|x64.ActiveCfg = Debug|Any CPU
		{436A2089-CFA3-40C8-A43D-49772E5CFFEA}.Debug|x64.Build.0 = Debug|Any CPU
		{436A2089-CFA3-40C8-A43D-49772E5CFFEA}.Debug|x86.ActiveCfg = Debug|Any CPU
		{436A2089-CFA3-40C8-A43D-49772E5CFFEA}.Debug|x86.Build.0 = Debug|Any CPU
		{436A2089-CFA3-40C8-A43D-49772E5CFFEA}.Release|Any CPU.ActiveCfg = Release|Any CPU
		{436A2089-CFA3-40C8-A43D-49772E5CFFEA}.Release|Any CPU.Build.0 = Release|Any CPU
		{436A2089-CFA3-40C8-A43D-49772E5CFFEA}.Release|x64.ActiveCfg = Release|Any CPU
		{436A2089-CFA3-40C8-A43D-49772E5CFFEA}.Release|x64.Build.0 = Release|Any CPU
		{436A2089-CFA3-40C8-A43D-49772E5CFFEA}.Release|x86.ActiveCfg = Release|Any CPU
		{436A2089-CFA3-40C8-A43D-49772E5CFFEA}.Release|x86.Build.0 = Release|Any CPU
		{FAE97029-F0E4-4FAA-B433-AE8078ABC084}.Debug|Any CPU.ActiveCfg = Debug|Any CPU
		{FAE97029-F0E4-4FAA-B433-AE8078ABC084}.Debug|Any CPU.Build.0 = Debug|Any CPU
		{FAE97029-F0E4-4FAA-B433-AE8078ABC084}.Debug|x64.ActiveCfg = Debug|Any CPU
		{FAE97029-F0E4-4FAA-B433-AE8078ABC084}.Debug|x64.Build.0 = Debug|Any CPU
		{FAE97029-F0E4-4FAA-B433-AE8078ABC084}.Debug|x86.ActiveCfg = Debug|Any CPU
		{FAE97029-F0E4-4FAA-B433-AE8078ABC084}.Debug|x86.Build.0 = Debug|Any CPU
		{FAE97029-F0E4-4FAA-B433-AE8078ABC084}.Release|Any CPU.ActiveCfg = Release|Any CPU
		{FAE97029-F0E4-4FAA-B433-AE8078ABC084}.Release|Any CPU.Build.0 = Release|Any CPU
		{FAE97029-F0E4-4FAA-B433-AE8078ABC084}.Release|x64.ActiveCfg = Release|Any CPU
		{FAE97029-F0E4-4FAA-B433-AE8078ABC084}.Release|x64.Build.0 = Release|Any CPU
		{FAE97029-F0E4-4FAA-B433-AE8078ABC084}.Release|x86.ActiveCfg = Release|Any CPU
		{FAE97029-F0E4-4FAA-B433-AE8078ABC084}.Release|x86.Build.0 = Release|Any CPU
		{C72235BC-2861-4352-A868-E9EBC941879F}.Debug|Any CPU.ActiveCfg = Debug|Any CPU
		{C72235BC-2861-4352-A868-E9EBC941879F}.Debug|Any CPU.Build.0 = Debug|Any CPU
		{C72235BC-2861-4352-A868-E9EBC941879F}.Debug|x64.ActiveCfg = Debug|Any CPU
		{C72235BC-2861-4352-A868-E9EBC941879F}.Debug|x64.Build.0 = Debug|Any CPU
		{C72235BC-2861-4352-A868-E9EBC941879F}.Debug|x86.ActiveCfg = Debug|Any CPU
		{C72235BC-2861-4352-A868-E9EBC941879F}.Debug|x86.Build.0 = Debug|Any CPU
		{C72235BC-2861-4352-A868-E9EBC941879F}.Release|Any CPU.ActiveCfg = Release|Any CPU
		{C72235BC-2861-4352-A868-E9EBC941879F}.Release|Any CPU.Build.0 = Release|Any CPU
		{C72235BC-2861-4352-A868-E9EBC941879F}.Release|x64.ActiveCfg = Release|Any CPU
		{C72235BC-2861-4352-A868-E9EBC941879F}.Release|x64.Build.0 = Release|Any CPU
		{C72235BC-2861-4352-A868-E9EBC941879F}.Release|x86.ActiveCfg = Release|Any CPU
		{C72235BC-2861-4352-A868-E9EBC941879F}.Release|x86.Build.0 = Release|Any CPU
		{60CB2BB1-EAB6-49A8-AD51-327B74CA13AA}.Debug|Any CPU.ActiveCfg = Debug|Any CPU
		{60CB2BB1-EAB6-49A8-AD51-327B74CA13AA}.Debug|Any CPU.Build.0 = Debug|Any CPU
		{60CB2BB1-EAB6-49A8-AD51-327B74CA13AA}.Debug|x64.ActiveCfg = Debug|Any CPU
		{60CB2BB1-EAB6-49A8-AD51-327B74CA13AA}.Debug|x64.Build.0 = Debug|Any CPU
		{60CB2BB1-EAB6-49A8-AD51-327B74CA13AA}.Debug|x86.ActiveCfg = Debug|Any CPU
		{60CB2BB1-EAB6-49A8-AD51-327B74CA13AA}.Debug|x86.Build.0 = Debug|Any CPU
		{60CB2BB1-EAB6-49A8-AD51-327B74CA13AA}.Release|Any CPU.ActiveCfg = Release|Any CPU
		{60CB2BB1-EAB6-49A8-AD51-327B74CA13AA}.Release|Any CPU.Build.0 = Release|Any CPU
		{60CB2BB1-EAB6-49A8-AD51-327B74CA13AA}.Release|x64.ActiveCfg = Release|Any CPU
		{60CB2BB1-EAB6-49A8-AD51-327B74CA13AA}.Release|x64.Build.0 = Release|Any CPU
		{60CB2BB1-EAB6-49A8-AD51-327B74CA13AA}.Release|x86.ActiveCfg = Release|Any CPU
		{60CB2BB1-EAB6-49A8-AD51-327B74CA13AA}.Release|x86.Build.0 = Release|Any CPU
		{E47F2727-D57A-4AFB-9689-4DD53426142B}.Debug|Any CPU.ActiveCfg = Debug|Any CPU
		{E47F2727-D57A-4AFB-9689-4DD53426142B}.Debug|Any CPU.Build.0 = Debug|Any CPU
		{E47F2727-D57A-4AFB-9689-4DD53426142B}.Debug|x64.ActiveCfg = Debug|Any CPU
		{E47F2727-D57A-4AFB-9689-4DD53426142B}.Debug|x64.Build.0 = Debug|Any CPU
		{E47F2727-D57A-4AFB-9689-4DD53426142B}.Debug|x86.ActiveCfg = Debug|Any CPU
		{E47F2727-D57A-4AFB-9689-4DD53426142B}.Debug|x86.Build.0 = Debug|Any CPU
		{E47F2727-D57A-4AFB-9689-4DD53426142B}.Release|Any CPU.ActiveCfg = Release|Any CPU
		{E47F2727-D57A-4AFB-9689-4DD53426142B}.Release|Any CPU.Build.0 = Release|Any CPU
		{E47F2727-D57A-4AFB-9689-4DD53426142B}.Release|x64.ActiveCfg = Release|Any CPU
		{E47F2727-D57A-4AFB-9689-4DD53426142B}.Release|x64.Build.0 = Release|Any CPU
		{E47F2727-D57A-4AFB-9689-4DD53426142B}.Release|x86.ActiveCfg = Release|Any CPU
		{E47F2727-D57A-4AFB-9689-4DD53426142B}.Release|x86.Build.0 = Release|Any CPU
	EndGlobalSection
	GlobalSection(SolutionProperties) = preSolution
		HideSolutionNode = FALSE
	EndGlobalSection
	GlobalSection(NestedProjects) = preSolution
		{66263A6C-9F3A-482A-BDBC-997483AE487E} = {827E0CD3-B72D-47B6-A68D-7590B98EB39B}
		{B1F05E49-C505-4638-9AFD-2E46B64E4FDF} = {827E0CD3-B72D-47B6-A68D-7590B98EB39B}
		{78E4161A-B43C-48BB-90D4-137FE1F2BA51} = {827E0CD3-B72D-47B6-A68D-7590B98EB39B}
		{436A2089-CFA3-40C8-A43D-49772E5CFFEA} = {827E0CD3-B72D-47B6-A68D-7590B98EB39B}
		{FAE97029-F0E4-4FAA-B433-AE8078ABC084} = {0AB3BF05-4346-4AA6-1389-037BE0695223}
		{C72235BC-2861-4352-A868-E9EBC941879F} = {07C2787E-EAC7-C090-1BA3-A61EC2A24D84}
		{60CB2BB1-EAB6-49A8-AD51-327B74CA13AA} = {827E0CD3-B72D-47B6-A68D-7590B98EB39B}
		{E47F2727-D57A-4AFB-9689-4DD53426142B} = {827E0CD3-B72D-47B6-A68D-7590B98EB39B}
	EndGlobalSection
EndGlobal
